
Microsoft Visual Studio Solution File, Format Version 12.00
# Visual Studio Version 17
VisualStudioVersion = 17.5.002.0
MinimumVisualStudioVersion = 10.0.40219.1
Project("{9A19103F-16F7-4668-BE54-9A1E7A4F7556}") = "Reshenie", "Reshenie\Reshenie.csproj", "{FD7C5995-D4D0-4716-B229-32677D901383}"
EndProject
Global
	GlobalSection(SolutionConfigurationPlatforms) = preSolution
		Debug|Any CPU = Debug|Any CPU
		Release|Any CPU = Release|Any CPU
	EndGlobalSection
	GlobalSection(ProjectConfigurationPlatforms) = postSolution
		{FD7C5995-D4D0-4716-B229-32677D901383}.Debug|Any CPU.ActiveCfg = Debug|Any CPU
		{FD7C5995-D4D0-4716-B229-32677D901383}.Debug|Any CPU.Build.0 = Debug|Any CPU
		{FD7C5995-D4D0-4716-B229-32677D901383}.Release|Any CPU.ActiveCfg = Release|Any CPU
		{FD7C5995-D4D0-4716-B229-32677D901383}.Release|Any CPU.Build.0 = Release|Any CPU
	EndGlobalSection
	GlobalSection(SolutionProperties) = preSolution
		HideSolutionNode = FALSE
	EndGlobalSection
	GlobalSection(ExtensibilityGlobals) = postSolution
		SolutionGuid = {836F111A-ED06-4817-B5E1-23B6A29D5085}
	EndGlobalSection
EndGlobal
